{
  "version": "5",
  "redirects": {
    "https://esm.sh/@supabase/functions-js@^2.1.5?target=denonext": "https://esm.sh/@supabase/functions-js@2.93.1?target=denonext",
    "https://esm.sh/@supabase/gotrue-js@^2.60.0?target=denonext": "https://esm.sh/@supabase/gotrue-js@2.105.1?target=denonext",
    "https://esm.sh/@supabase/node-fetch@^2.6.14?target=denonext": "https://esm.sh/@supabase/node-fetch@2.6.15?target=denonext",
    "https://esm.sh/@supabase/phoenix@^0.4.1?target=denonext": "https://esm.sh/@supabase/phoenix@0.4.1?target=denonext",
    "https://esm.sh/@supabase/postgrest-js@^1.9.0?target=denonext": "https://esm.sh/@supabase/postgrest-js@1.21.4?target=denonext",
    "https://esm.sh/@supabase/realtime-js@^2.9.3?target=denonext": "https://esm.sh/@supabase/realtime-js@2.105.1?target=denonext",
    "https://esm.sh/@supabase/storage-js@^2.5.4?target=denonext": "https://esm.sh/@supabase/storage-js@2.93.1?target=denonext",
    "https://esm.sh/@types/get-intrinsic@~1.2.3/index.d.ts": "https://esm.sh/@types/get-intrinsic@1.2.3/index.d.ts",
    "https://esm.sh/@types/object-inspect@~1.13.0/index.d.ts": "https://esm.sh/@types/object-inspect@1.13.0/index.d.ts",
    "https://esm.sh/@types/qs@~6.14.0/index.d.ts": "https://esm.sh/@types/qs@6.14.0/index.d.ts",
    "https://esm.sh/async-function@^1.0.0?target=denonext": "https://esm.sh/async-function@1.0.0?target=denonext",
    "https://esm.sh/async-generator-function@^1.0.0?target=denonext": "https://esm.sh/async-generator-function@1.0.0?target=denonext",
    "https://esm.sh/call-bind-apply-helpers@^1.0.1?target=denonext": "https://esm.sh/call-bind-apply-helpers@1.0.2?target=denonext",
    "https://esm.sh/call-bind-apply-helpers@^1.0.2/functionApply?target=denonext": "https://esm.sh/call-bind-apply-helpers@1.0.2/functionApply?target=denonext",
    "https://esm.sh/call-bind-apply-helpers@^1.0.2/functionCall?target=denonext": "https://esm.sh/call-bind-apply-helpers@1.0.2/functionCall?target=denonext",
    "https://esm.sh/call-bind-apply-helpers@^1.0.2?target=denonext": "https://esm.sh/call-bind-apply-helpers@1.0.2?target=denonext",
    "https://esm.sh/call-bound@^1.0.2?target=denonext": "https://esm.sh/call-bound@1.0.4?target=denonext",
    "https://esm.sh/dunder-proto@^1.0.1/get?target=denonext": "https://esm.sh/dunder-proto@1.0.1/get?target=denonext",
    "https://esm.sh/es-object-atoms@^1.0.0?target=denonext": "https://esm.sh/es-object-atoms@1.1.1?target=denonext",
    "https://esm.sh/es-object-atoms@^1.1.1?target=denonext": "https://esm.sh/es-object-atoms@1.1.1?target=denonext",
    "https://esm.sh/generator-function@^2.0.0?target=denonext": "https://esm.sh/generator-function@2.0.1?target=denonext",
    "https://esm.sh/get-intrinsic@^1.2.5?target=denonext": "https://esm.sh/get-intrinsic@1.3.1?target=denonext",
    "https://esm.sh/get-intrinsic@^1.3.0?target=denonext": "https://esm.sh/get-intrinsic@1.3.1?target=denonext",
    "https://esm.sh/get-proto@^1.0.1/Object.getPrototypeOf?target=denonext": "https://esm.sh/get-proto@1.0.1/Object.getPrototypeOf?target=denonext",
    "https://esm.sh/get-proto@^1.0.1/Reflect.getPrototypeOf?target=denonext": "https://esm.sh/get-proto@1.0.1/Reflect.getPrototypeOf?target=denonext",
    "https://esm.sh/get-proto@^1.0.1?target=denonext": "https://esm.sh/get-proto@1.0.1?target=denonext",
    "https://esm.sh/iceberg-js@^0.8.1?target=denonext": "https://esm.sh/iceberg-js@0.8.1?target=denonext",
    "https://esm.sh/math-intrinsics@^1.1.0/abs?target=denonext": "https://esm.sh/math-intrinsics@1.1.0/abs?target=denonext",
    "https://esm.sh/math-intrinsics@^1.1.0/floor?target=denonext": "https://esm.sh/math-intrinsics@1.1.0/floor?target=denonext",
    "https://esm.sh/math-intrinsics@^1.1.0/max?target=denonext": "https://esm.sh/math-intrinsics@1.1.0/max?target=denonext",
    "https://esm.sh/math-intrinsics@^1.1.0/min?target=denonext": "https://esm.sh/math-intrinsics@1.1.0/min?target=denonext",
    "https://esm.sh/math-intrinsics@^1.1.0/pow?target=denonext": "https://esm.sh/math-intrinsics@1.1.0/pow?target=denonext",
    "https://esm.sh/math-intrinsics@^1.1.0/round?target=denonext": "https://esm.sh/math-intrinsics@1.1.0/round?target=denonext",
    "https://esm.sh/math-intrinsics@^1.1.0/sign?target=denonext": "https://esm.sh/math-intrinsics@1.1.0/sign?target=denonext",
    "https://esm.sh/object-inspect@^1.13.3?target=denonext": "https://esm.sh/object-inspect@1.13.4?target=denonext",
    "https://esm.sh/qs@^6.11.0?target=denonext": "https://esm.sh/qs@6.14.1?target=denonext",
    "https://esm.sh/side-channel-list@^1.0.0?target=denonext": "https://esm.sh/side-channel-list@1.0.0?target=denonext",
    "https://esm.sh/side-channel-map@^1.0.1?target=denonext": "https://esm.sh/side-channel-map@1.0.1?target=denonext",
    "https://esm.sh/side-channel-weakmap@^1.0.2?target=denonext": "https://esm.sh/side-channel-weakmap@1.0.2?target=denonext",
    "https://esm.sh/side-channel@^1.1.0?target=denonext": "https://esm.sh/side-channel@1.1.0?target=denonext",
    "https://esm.sh/tr46@~0.0.3?target=denonext": "https://esm.sh/tr46@0.0.3?target=denonext",
    "https://esm.sh/webidl-conversions@^3.0.0?target=denonext": "https://esm.sh/webidl-conversions@3.0.1?target=denonext",
    "https://esm.sh/whatwg-url@^5.0.0?target=denonext": "https://esm.sh/whatwg-url@5.0.0?target=denonext"
  },
  "remote": {
    "https://deno.land/std@0.168.0/async/abortable.ts": "80b2ac399f142cc528f95a037a7d0e653296352d95c681e284533765961de409",
    "https://deno.land/std@0.168.0/async/deadline.ts": "2c2deb53c7c28ca1dda7a3ad81e70508b1ebc25db52559de6b8636c9278fd41f",
    "https://deno.land/std@0.168.0/async/debounce.ts": "60301ffb37e730cd2d6f9dadfd0ecb2a38857681bd7aaf6b0a106b06e5210a98",
    "https://deno.land/std@0.168.0/async/deferred.ts": "77d3f84255c3627f1cc88699d8472b664d7635990d5358c4351623e098e917d6",
    "https://deno.land/std@0.168.0/async/delay.ts": "5a9bfba8de38840308a7a33786a0155a7f6c1f7a859558ddcec5fe06e16daf57",
    "https://deno.land/std@0.168.0/async/mod.ts": "7809ad4bb223e40f5fdc043e5c7ca04e0e25eed35c32c3c32e28697c553fa6d9",
    "https://deno.land/std@0.168.0/async/mux_async_iterator.ts": "770a0ff26c59f8bbbda6b703a2235f04e379f73238e8d66a087edc68c2a2c35f",
    "https://deno.land/std@0.168.0/async/pool.ts": "6854d8cd675a74c73391c82005cbbe4cc58183bddcd1fbbd7c2bcda42b61cf69",
    "https://deno.land/std@0.168.0/async/retry.ts": "e8e5173623915bbc0ddc537698fa418cf875456c347eda1ed453528645b42e67",
    "https://deno.land/std@0.168.0/async/tee.ts": "3a47cc4e9a940904fd4341f0224907e199121c80b831faa5ec2b054c6d2eff5e",
    "https://deno.land/std@0.168.0/http/server.ts": "e99c1bee8a3f6571ee4cdeb2966efad465b8f6fe62bec1bdb59c1f007cc4d155",
    "https://esm.sh/@supabase/functions-js@2.93.1/denonext/functions-js.mjs": "ccea48c87350c938f3bd0ac5fc90cf12b9ad58368943b0ac0d9820aaa1812151",
    "https://esm.sh/@supabase/functions-js@2.93.1?target=denonext": "f6c17e2a17f61e45ec59d6976cbfb24920980e9dfc9d97bd56718412fd876d3f",
    "https://esm.sh/@supabase/gotrue-js@2.105.1/denonext/gotrue-js.mjs": "d6af16ce3e0e4603588d5cdd157b75b2633c52d28adce50625dd8ed4a14bd0a4",
    "https://esm.sh/@supabase/gotrue-js@2.105.1?target=denonext": "143cb8c60dc7c21ef86da1cb0a322c2ea03085c12512f897e7ad4dc778998e33",
    "https://esm.sh/@supabase/node-fetch@2.6.15/denonext/node-fetch.mjs": "0bae9052231f4f6dbccc7234d05ea96923dbf967be12f402764580b6bf9f713d",
    "https://esm.sh/@supabase/node-fetch@2.6.15?target=denonext": "4d28c4ad97328403184353f68434f2b6973971507919e9150297413664919cf3",
    "https://esm.sh/@supabase/phoenix@0.4.1/denonext/phoenix.mjs": "90a9f887b7a8e21d1928f4edd2aa62842b348f4dda81d79ded6ad70503ab14f8",
    "https://esm.sh/@supabase/phoenix@0.4.1?target=denonext": "d45f006997b634de18932bf86b45f0ca66c11e8b1de9cb34d48aa3fe80c65a43",
    "https://esm.sh/@supabase/postgrest-js@1.21.4/denonext/postgrest-js.mjs": "c3769b11ef02debc78ecf6ab4e152d3cf7dbd05bbbafeb72c160e76cc57cda3c",
    "https://esm.sh/@supabase/postgrest-js@1.21.4?target=denonext": "db2315bc0ff19690cd4239c5adb5f5787f5dea04955058ef1fca541d49555ed6",
    "https://esm.sh/@supabase/realtime-js@2.105.1/denonext/realtime-js.mjs": "07760754498c39c43fffd6c7c38ddd816a88885e01e78bc9c9f9c9239259c847",
    "https://esm.sh/@supabase/realtime-js@2.105.1?target=denonext": "246259bed0c37adf5a87dce210fc99ae6628f10567e6f398a96e590e50216bd2",
    "https://esm.sh/@supabase/storage-js@2.93.1/denonext/storage-js.mjs": "c0856696b88bf8769ec832d048f46d031b6c6973c9375c93e6d009facde24a2c",
    "https://esm.sh/@supabase/storage-js@2.93.1?target=denonext": "3fdbec322113eb3be0d38f21eaee180deb520ec09721783fbb7d2c1d8851aab0",
    "https://esm.sh/@supabase/supabase-js@2.39.3": "832d7714491bd1c8a9008a332b35cb099f24b451ad79e755ecf4d71985fd6610",
    "https://esm.sh/@supabase/supabase-js@2.39.3/denonext/supabase-js.mjs": "054f4cd1560fa814cdc10d06c0809b00d0817dc06a072fa983e4c023e4346439",
    "https://esm.sh/async-function@1.0.0/denonext/async-function.mjs": "9a68a79494e7318827f19367915e5e8c902d81d395a2a429114371d8f506afd8",
    "https://esm.sh/async-function@1.0.0?target=denonext": "c5e89ac5310741350e80c75eb1ff0c24bdaa16db5bf0f9181fceea7e3bca763e",
    "https://esm.sh/async-generator-function@1.0.0/denonext/async-generator-function.mjs": "c7d6e6484a0083577a002c3114e08d84762b6f74327c89cd0129226cefd7436a",
    "https://esm.sh/async-generator-function@1.0.0?target=denonext": "7b92d0f159fcd05e4cb37faf06fe4d83333517287a9fd3fa1c3dfa34bfa99891",
    "https://esm.sh/call-bind-apply-helpers@1.0.2/denonext/actualApply.mjs": "e40dd22950f5eb996a325283de44db908753de3396f81ca4b4b186809ec7404b",
    "https://esm.sh/call-bind-apply-helpers@1.0.2/denonext/call-bind-apply-helpers.mjs": "1c096a11476850297224ad825a8e505c23fcc555a8474e929897f8d799fef30b",
    "https://esm.sh/call-bind-apply-helpers@1.0.2/denonext/functionApply.mjs": "20d90adbc9be9d9b51fe4fe1019f8bd1d0823f27a2557eed275b9e44c07260c5",
    "https://esm.sh/call-bind-apply-helpers@1.0.2/denonext/functionCall.mjs": "b36700f863bccd6667f66bfdc7cd9a252129cb203bf5eef59bf29046b9da1467",
    "https://esm.sh/call-bind-apply-helpers@1.0.2/denonext/reflectApply.mjs": "ad4d25d2a301d5d1701b908c50aa229ff4b5e62f05136d3828f1a26d5dc901f6",
    "https://esm.sh/call-bind-apply-helpers@1.0.2/functionApply?target=denonext": "62c4f7ef478c97ef7b1ba0e303d61df3cb4a1df4317b606e43b655f0e4219c43",
    "https://esm.sh/call-bind-apply-helpers@1.0.2/functionCall?target=denonext": "4366685652c948d1c2ca5264d496bb739f52ee5860950a1496e5214759135cc8",
    "https://esm.sh/call-bind-apply-helpers@1.0.2?target=denonext": "905e972ffcd24bdbceda3bc3208a2102b1ba8ebc2e74e55e42433ad17e1e455e",
    "https://esm.sh/call-bound@1.0.4/denonext/call-bound.mjs": "08fb5feeb1c0e871cfd19912759ea62b7023bac1d443ffb498f3968082bb3711",
    "https://esm.sh/call-bound@1.0.4?target=denonext": "8861d775f1c2f685b8985662bfc0eb9037cef7c41c7ee39ae49306662933cc67",
    "https://esm.sh/dunder-proto@1.0.1/denonext/get.mjs": "8249c9d4dfb0c1f5ee60df6588c77153a4da927b2759e7059b4124c69a8e9223",
    "https://esm.sh/dunder-proto@1.0.1/get?target=denonext": "13d001daa54e39c69fe8034e0f54ecf326c1b44fcdf005b47a16087c535ee15e",
    "https://esm.sh/es-object-atoms@1.1.1/denonext/es-object-atoms.mjs": "002f305a1112ee598445ab88204560f9e3e1595d4086d4b044d845364df196d1",
    "https://esm.sh/es-object-atoms@1.1.1?target=denonext": "42f0f1f77d6dc7e20b9510cd914b97e8f20c57c218bccd433292a9d86a7f2123",
    "https://esm.sh/generator-function@2.0.1/denonext/generator-function.mjs": "c0830dd65531f61823dd69e7d9f8fedace61f5810aa3ef4a47c876638ccce5a2",
    "https://esm.sh/generator-function@2.0.1?target=denonext": "d69b75b5af8feab1b72504ae1c088a112345997bc2fb03e78bc4b5cc2c717b30",
    "https://esm.sh/get-intrinsic@1.3.1/denonext/get-intrinsic.mjs": "af07ca16f714e1faaca241d5f136cae8e6d8300dc1cfcee3d2b670008fcfd579",
    "https://esm.sh/get-intrinsic@1.3.1?target=denonext": "e293e28f884cf6eb97da776907dd175a9b20a072d4b90898b590d7a156449f72",
    "https://esm.sh/get-proto@1.0.1/Object.getPrototypeOf?target=denonext": "07ea2fdda9026eb3b7e18eff95a1314a82db3b37efd0e4a1b7bd91c454bfd492",
    "https://esm.sh/get-proto@1.0.1/Reflect.getPrototypeOf?target=denonext": "08346568b8d1b2532dfff0affbb99b0400960313cb1b350969f9ca1f889ac700",
    "https://esm.sh/get-proto@1.0.1/denonext/Object.getPrototypeOf.mjs": "d62989d14e99b23a7604030f5b2c176b55067bd790d9056fd7b8a7f324c13c62",
    "https://esm.sh/get-proto@1.0.1/denonext/Reflect.getPrototypeOf.mjs": "4b884fb35dbdc6b2a67708f195cf46435514a7eb3930578453176aafe59d49fe",
    "https://esm.sh/get-proto@1.0.1/denonext/get-proto.mjs": "0e4ddb145c883b3f941aeba555feb48b9f177838d070449782265daf59b77377",
    "https://esm.sh/get-proto@1.0.1?target=denonext": "fa3e52250f16f485da729565f1f41dcbb23edeb64420db0146e374cc835c9b04",
    "https://esm.sh/iceberg-js@0.8.1/denonext/iceberg-js.mjs": "d839d81a2e3966500ca2cdd0c1cb458e9608bacfc91f7bb67a69b2e878dcdb4f",
    "https://esm.sh/iceberg-js@0.8.1?target=denonext": "58c849d7fe2bf4eca4a84eb501e83c161a7d8c34ca1bec15a962b3bec3062633",
    "https://esm.sh/math-intrinsics@1.1.0/abs?target=denonext": "b43b9b3996b29cda49a1ad6d71b876095144b3252c761b4338e8870e5073542e",
    "https://esm.sh/math-intrinsics@1.1.0/denonext/abs.mjs": "08304368394a36ee89a52def8a533da1f7c602891647a3e10543a8bbdb746c8b",
    "https://esm.sh/math-intrinsics@1.1.0/denonext/floor.mjs": "c5e41bb95fa47641ca012faa0a093eef6401d3ace4479a85e39cf726eb184785",
    "https://esm.sh/math-intrinsics@1.1.0/denonext/isNaN.mjs": "4c0aa9576873f1a60fc724bf6a7959ae3eb30e6b002aa3a94a00f6d071ae4fb2",
    "https://esm.sh/math-intrinsics@1.1.0/denonext/max.mjs": "d7b63113695c5fef18e6c505fb0db439cefefe5d6578283207bbed54287c53e9",
    "https://esm.sh/math-intrinsics@1.1.0/denonext/min.mjs": "445c0cbc6acecab1076657ce2b3ce8783b6bd7ec638b76b128dae98a92a9876a",
    "https://esm.sh/math-intrinsics@1.1.0/denonext/pow.mjs": "b15d61336938ae7d84cd9e223509cb576cc2b89a34ec678889c6cdc82bfdd45c",
    "https://esm.sh/math-intrinsics@1.1.0/denonext/round.mjs": "a96681000e62bc8c0ff3582a77981fc88fa3034ed5bb85b3e1a15047eeb954b6",
    "https://esm.sh/math-intrinsics@1.1.0/denonext/sign.mjs": "323a0314efc3a9892beebf5cdd3b6a1d71986821b58548b3a593f8103e4c49b0",
    "https://esm.sh/math-intrinsics@1.1.0/floor?target=denonext": "58bd34b24e7c69b79e09243ed99bf0aa35e0423524c5d6f3986d46f72b19cdab",
    "https://esm.sh/math-intrinsics@1.1.0/max?target=denonext": "67e6a93d9f2dd0eb70967013abd67be262b7651e05c4384c9899621ed29db5bb",
    "https://esm.sh/math-intrinsics@1.1.0/min?target=denonext": "869cb45f08e5642671cb4e0078b73fae5e767656e7ab86a208ca721d67b42fb1",
    "https://esm.sh/math-intrinsics@1.1.0/pow?target=denonext": "4f42df7a6c0593efdb1edb840affe3a464884ac3287fa18b03810021ee55a5fb",
    "https://esm.sh/math-intrinsics@1.1.0/round?target=denonext": "635d454d1f3fe901ab84dc7508ca8ba90825085b051278f083986ab8d763e675",
    "https://esm.sh/math-intrinsics@1.1.0/sign?target=denonext": "67eede9463cdb90393f9e449e8d6d59283db42ff1793fc381292a5612e535cfe",
    "https://esm.sh/object-inspect@1.13.4/denonext/object-inspect.mjs": "45c312125d1f5469db2840085ce40fa3fbaab81bebcb4b2f79153f9eeaa05230",
    "https://esm.sh/object-inspect@1.13.4?target=denonext": "426a13b7cd2fb610060e1d943f1ae802ef3873c2055b80dd75b39fddcb5b91f9",
    "https://esm.sh/qs@6.14.1/denonext/qs.mjs": "22010376d5110e02f7336509939305c92d2de582f65fba0131eb071c04da98f0",
    "https://esm.sh/qs@6.14.1?target=denonext": "84ef2739ec761dbf58e254a95b763fa4e7281945ea6eb53e7cf7f87b510d91de",
    "https://esm.sh/side-channel-list@1.0.0/denonext/side-channel-list.mjs": "615fd6bc8c12cf76f305e9037fa5d9c68683b513f05c28b282d6b6158b08fa00",
    "https://esm.sh/side-channel-list@1.0.0?target=denonext": "aa5947fc9e50ab024e202112fe8cbe16726adf354252de20c040258214c75ea5",
    "https://esm.sh/side-channel-map@1.0.1/denonext/side-channel-map.mjs": "5c6c38348826aa2b41eb5654fff235ae06a06c6f0b02ad736b6f226704d7043a",
    "https://esm.sh/side-channel-map@1.0.1?target=denonext": "8b59be4ffd58b5654971b600ca894755e9277c9be88dbfcc5673b2e85d8d30ec",
    "https://esm.sh/side-channel-weakmap@1.0.2/denonext/side-channel-weakmap.mjs": "5bee9551eadb611a71937950a614bd9d46ca5139afbb20e28321c1704953b367",
    "https://esm.sh/side-channel-weakmap@1.0.2?target=denonext": "f6ca783896c64a8ca09f483a7809e053e4e31b1569b5c5251ed5813561330dfe",
    "https://esm.sh/side-channel@1.1.0/denonext/side-channel.mjs": "2b14f5c6f2fc136405c1bda1897e81a87993ee525b4eff74232b8e6cacf9b759",
    "https://esm.sh/side-channel@1.1.0?target=denonext": "af0b34fab98933edb9b50119e3383d0f2df5451b179ded5e92007d6f773d12e2",
    "https://esm.sh/stripe@17.0.0": "fe49d87a0bc0e521b9147d8c7db9c8699a788b7f7829b80f017c9a5c4737df6f",
    "https://esm.sh/stripe@17.0.0/denonext/stripe.mjs": "99386ea6b81a07507992e19e890441ce03f56a0718b5772c1a7a578f6544cdc5",
    "https://esm.sh/tr46@0.0.3/denonext/tr46.mjs": "5753ec0a99414f4055f0c1f97691100f13d88e48a8443b00aebb90a512785fa2",
    "https://esm.sh/tr46@0.0.3?target=denonext": "19cb9be0f0d418a0c3abb81f2df31f080e9540a04e43b0f699bce1149cba0cbb",
    "https://esm.sh/tslib@2.8.1/denonext/tslib.mjs": "c38da5dd6da6281964435002ce204cd586634fe3bdfb24a0ee116f48cf3292e9",
    "https://esm.sh/webidl-conversions@3.0.1/denonext/webidl-conversions.mjs": "238cd0743827707cbc1c2d7c2cf1027dbc536fb53ec9a3fde0ff8026a3ac5385",
    "https://esm.sh/webidl-conversions@3.0.1?target=denonext": "4e20318d50528084616c79d7b3f6e7f0fe7b6d09013bd01b3974d7448d767e29",
    "https://esm.sh/whatwg-url@5.0.0/denonext/whatwg-url.mjs": "29b16d74ee72624c915745bbd25b617cfd2248c6af0f5120d131e232a9a9af79",
    "https://esm.sh/whatwg-url@5.0.0?target=denonext": "f001a2cadf81312d214ca330033f474e74d81a003e21e8c5d70a1f46dc97b02d"
  },
  "workspace": {
    "packageJson": {
      "dependencies": [
        "npm:@supabase/supabase-js@^2.107.0",
        "npm:@types/bun@^1.3.14",
        "npm:@typescript-eslint/eslint-plugin@^8.46.1",
        "npm:@typescript-eslint/parser@^8.46.1",
        "npm:eslint-config-prettier@^10.1.8",
        "npm:eslint-plugin-prettier@^5.5.4",
        "npm:eslint@^9.38.0",
        "npm:expo-system-ui@^57.0.2",
        "npm:gentle-engram@0.1.4",
        "npm:lint-staged@^16.2.4",
        "npm:prettier@^3.6.2",
        "npm:zod@4.1.12"
      ]
    },
    "members": {
      "apps/admin-web": {
        "packageJson": {
          "dependencies": [
            "npm:@eslint/js@^9.39.1",
            "npm:@supabase/supabase-js@^2.105.3",
            "npm:@tailwindcss/vite@^4.2.1",
            "npm:@tanstack/react-query@^5.90.21",
            "npm:@tanstack/react-table@^8.21.3",
            "npm:@types/node@^24.10.1",
            "npm:@types/react-dom@^19.2.3",
            "npm:@types/react@^19.1.17",
            "npm:@vitejs/plugin-react@6",
            "npm:autoprefixer@^10.4.27",
            "npm:clsx@^2.1.1",
            "npm:eslint-plugin-react-hooks@^7.0.1",
            "npm:eslint-plugin-react-refresh@~0.4.24",
            "npm:eslint@^9.39.1",
            "npm:globals@^16.5.0",
            "npm:lucide-react@0.577",
            "npm:postcss@^8.5.8",
            "npm:react-dom@19.1.0",
            "npm:react-router-dom@^7.13.1",
            "npm:react@19.1.0",
            "npm:sonner@^2.0.7",
            "npm:tailwind-merge@^3.5.0",
            "npm:tailwindcss@^4.2.1",
            "npm:typescript-eslint@^8.48.0",
            "npm:typescript@~5.9.3",
            "npm:vite@8",
            "npm:zustand@^5.0.11"
          ]
        }
      },
      "apps/backend": {
        "packageJson": {
          "dependencies": [
            "npm:@types/bun@latest",
            "npm:@types/cors@^2.8.17",
            "npm:@types/express@^4.17.21",
            "npm:cors@^2.8.5",
            "npm:express@^4.19.2",
            "npm:nodemon@^3.1.0",
            "npm:ts-node@^10.9.2",
            "npm:typescript@5"
          ]
        }
      },
      "apps/frontend": {
        "packageJson": {
          "dependencies": [
            "npm:@chatwoot/react-native-widget@*",
            "npm:@expo/vector-icons@^15.0.3",
            "npm:@gorhom/bottom-sheet@^5.2.7",
            "npm:@hookform/resolvers@^5.2.2",
            "npm:@miblanchard/react-native-slider@^2.6.0",
            "npm:@react-native-async-storage/async-storage@2.2.0",
            "npm:@react-native-community/netinfo@11.4.1",
            "npm:@react-native-google-signin/google-signin@16",
            "npm:@react-navigation/native@^7.1.8",
            "npm:@shopify/flash-list@2.0.2",
            "npm:@shopify/restyle@^2.4.5",
            "npm:@stripe/stripe-react-native@0.50.3",
            "npm:@supabase/supabase-js@^2.81.1",
            "npm:@tanstack/react-query@^5.90.5",
            "npm:@types/react@19.1",
            "npm:base64-arraybuffer@^1.0.2",
            "npm:date-fns@^4.1.0",
            "npm:expo-blur@~15.0.7",
            "npm:expo-constants@~18.0.9",
            "npm:expo-crypto@^15.0.8",
            "npm:expo-dev-client@~6.0.15",
            "npm:expo-file-system@~19.0.21",
            "npm:expo-font@~14.0.9",
            "npm:expo-haptics@^15.0.8",
            "npm:expo-image-picker@~17.0.9",
            "npm:expo-image@~3.0.10",
            "npm:expo-linear-gradient@~15.0.7",
            "npm:expo-linking@~8.0.8",
            "npm:expo-local-authentication@~17.0.8",
            "npm:expo-localization@^17.0.7",
            "npm:expo-router@~6.0.11",
            "npm:expo-sharing@~14.0.8",
            "npm:expo-splash-screen@~31.0.10",
            "npm:expo-status-bar@~3.0.8",
            "npm:expo-video@~3.0.16",
            "npm:expo-web-browser@~15.0.8",
            "npm:expo@54.0.33",
            "npm:i18next@^25.6.0",
            "npm:moti@0.30",
            "npm:react-dom@19.1.0",
            "npm:react-hook-form@^7.65.0",
            "npm:react-i18next@^16.1.0",
            "npm:react-native-gesture-handler@2.28",
            "npm:react-native-get-random-values@1.11",
            "npm:react-native-image-viewing@~0.2.2",
            "npm:react-native-otp-textinput@^1.1.7",
            "npm:react-native-paper@^5.14.5",
            "npm:react-native-reanimated@~4.1.1",
            "npm:react-native-safe-area-context@5.6",
            "npm:react-native-screens@4.16",
            "npm:react-native-svg@15.12.1",
            "npm:react-native-toast-message@^2.3.3",
            "npm:react-native-url-polyfill@3",
            "npm:react-native-vector-icons@^10.3.0",
            "npm:react-native-web@0.21",
            "npm:react-native-worklets@0.5.1",
            "npm:react-native@0.81.5",
            "npm:react-test-renderer@19.1.0",
            "npm:react@19.1.0",
            "npm:typescript@~5.9.2",
            "npm:zod@^4.1.12",
            "npm:zustand@^5.0.8"
          ]
        }
      },
      "packages/types": {
        "packageJson": {
          "dependencies": [
            "npm:@types/bun@latest"
          ]
        }
      }
    }
  }
}
